
Microsoft Visual Studio Solution File, Format Version 12.00
# Visual Studio Version 17
VisualStudioVersion = 17.11.35327.3
MinimumVisualStudioVersion = 10.0.40219.1
Project("{9A19103F-16F7-4668-BE54-9A1E7A4F7556}") = "ex01", "ex01\ex01.csproj", "{39F7C859-8D06-44D5-8E74-3DECDE1BFCA0}"
EndProject
Project("{9A19103F-16F7-4668-BE54-9A1E7A4F7556}") = "ex02", "ex02\ex02.csproj", "{19CA48F3-FD1D-4798-917D-698228949CE5}"
EndProject
Project("{9A19103F-16F7-4668-BE54-9A1E7A4F7556}") = "ex03", "ex03\ex03.csproj", "{36A57800-99E2-4530-A2D8-DF8EE006D3A9}"
EndProject
Project("{9A19103F-16F7-4668-BE54-9A1E7A4F7556}") = "ex04", "ex04\ex04.csproj", "{77E8D5FF-A182-49AA-BD87-F78B4055AFEA}"
EndProject
Project("{FAE04EC0-301F-11D3-BF4B-00C04F79EFBC}") = "ex05", "ex05\ex05.csproj", "{215D7B90-F61D-4204-B29C-26A84F6AFC50}"
EndProject
Project("{FAE04EC0-301F-11D3-BF4B-00C04F79EFBC}") = "ex06", "ex06\ex06.csproj", "{FB8BE8B9-76F2-4A00-8F0C-AA4527902606}"
EndProject
Project("{FAE04EC0-301F-11D3-BF4B-00C04F79EFBC}") = "EX07", "EX07\EX07.csproj", "{17A3EAD6-E9F0-44B9-A88D-F30FE2206931}"
EndProject
Project("{FAE04EC0-301F-11D3-BF4B-00C04F79EFBC}") = "ex08", "ex08\ex08.csproj", "{8E71CDBD-F881-4F21-832F-29F4891DAA8F}"
EndProject
Global
	GlobalSection(SolutionConfigurationPlatforms) = preSolution
		Debug|Any CPU = Debug|Any CPU
		Release|Any CPU = Release|Any CPU
	EndGlobalSection
	GlobalSection(ProjectConfigurationPlatforms) = postSolution
		{39F7C859-8D06-44D5-8E74-3DECDE1BFCA0}.Debug|Any CPU.ActiveCfg = Debug|Any CPU
		{39F7C859-8D06-44D5-8E74-3DECDE1BFCA0}.Debug|Any CPU.Build.0 = Debug|Any CPU
		{39F7C859-8D06-44D5-8E74-3DECDE1BFCA0}.Release|Any CPU.ActiveCfg = Release|Any CPU
		{39F7C859-8D06-44D5-8E74-3DECDE1BFCA0}.Release|Any CPU.Build.0 = Release|Any CPU
		{19CA48F3-FD1D-4798-917D-698228949CE5}.Debug|Any CPU.ActiveCfg = Debug|Any CPU
		{19CA48F3-FD1D-4798-917D-698228949CE5}.Debug|Any CPU.Build.0 = Debug|Any CPU
		{19CA48F3-FD1D-4798-917D-698228949CE5}.Release|Any CPU.ActiveCfg = Release|Any CPU
		{19CA48F3-FD1D-4798-917D-698228949CE5}.Release|Any CPU.Build.0 = Release|Any CPU
		{36A57800-99E2-4530-A2D8-DF8EE006D3A9}.Debug|Any CPU.ActiveCfg = Debug|Any CPU
		{36A57800-99E2-4530-A2D8-DF8EE006D3A9}.Debug|Any CPU.Build.0 = Debug|Any CPU
		{36A57800-99E2-4530-A2D8-DF8EE006D3A9}.Release|Any CPU.ActiveCfg = Release|Any CPU
		{36A57800-99E2-4530-A2D8-DF8EE006D3A9}.Release|Any CPU.Build.0 = Release|Any CPU
		{77E8D5FF-A182-49AA-BD87-F78B4055AFEA}.Debug|Any CPU.ActiveCfg = Debug|Any CPU
		{77E8D5FF-A182-49AA-BD87-F78B4055AFEA}.Debug|Any CPU.Build.0 = Debug|Any CPU
		{77E8D5FF-A182-49AA-BD87-F78B4055AFEA}.Release|Any CPU.ActiveCfg = Release|Any CPU
		{77E8D5FF-A182-49AA-BD87-F78B4055AFEA}.Release|Any CPU.Build.0 = Release|Any CPU
		{215D7B90-F61D-4204-B29C-26A84F6AFC50}.Debug|Any CPU.ActiveCfg = Debug|Any CPU
		{215D7B90-F61D-4204-B29C-26A84F6AFC50}.Debug|Any CPU.Build.0 = Debug|Any CPU
		{215D7B90-F61D-4204-B29C-26A84F6AFC50}.Release|Any CPU.ActiveCfg = Release|Any CPU
		{215D7B90-F61D-4204-B29C-26A84F6AFC50}.Release|Any CPU.Build.0 = Release|Any CPU
		{FB8BE8B9-76F2-4A00-8F0C-AA4527902606}.Debug|Any CPU.ActiveCfg = Debug|Any CPU
		{FB8BE8B9-76F2-4A00-8F0C-AA4527902606}.Debug|Any CPU.Build.0 = Debug|Any CPU
		{FB8BE8B9-76F2-4A00-8F0C-AA4527902606}.Release|Any CPU.ActiveCfg = Release|Any CPU
		{FB8BE8B9-76F2-4A00-8F0C-AA4527902606}.Release|Any CPU.Build.0 = Release|Any CPU
		{17A3EAD6-E9F0-44B9-A88D-F30FE2206931}.Debug|Any CPU.ActiveCfg = Debug|Any CPU
		{17A3EAD6-E9F0-44B9-A88D-F30FE2206931}.Debug|Any CPU.Build.0 = Debug|Any CPU
		{17A3EAD6-E9F0-44B9-A88D-F30FE2206931}.Release|Any CPU.ActiveCfg = Release|Any CPU
		{17A3EAD6-E9F0-44B9-A88D-F30FE2206931}.Release|Any CPU.Build.0 = Release|Any CPU
		{8E71CDBD-F881-4F21-832F-29F4891DAA8F}.Debug|Any CPU.ActiveCfg = Debug|Any CPU
		{8E71CDBD-F881-4F21-832F-29F4891DAA8F}.Debug|Any CPU.Build.0 = Debug|Any CPU
		{8E71CDBD-F881-4F21-832F-29F4891DAA8F}.Release|Any CPU.ActiveCfg = Release|Any CPU
		{8E71CDBD-F881-4F21-832F-29F4891DAA8F}.Release|Any CPU.Build.0 = Release|Any CPU
	EndGlobalSection
	GlobalSection(SolutionProperties) = preSolution
		HideSolutionNode = FALSE
	EndGlobalSection
	GlobalSection(ExtensibilityGlobals) = postSolution
		SolutionGuid = {FBC9028B-F5EC-4665-8ADC-5DF7463D0936}
	EndGlobalSection
EndGlobal
