
Microsoft Visual Studio Solution File, Format Version 12.00
# Visual Studio Version 17
VisualStudioVersion = 17.11.35327.3
MinimumVisualStudioVersion = 10.0.40219.1
Project("{FAE04EC0-301F-11D3-BF4B-00C04F79EFBC}") = "ex01", "ex01\ex01.csproj", "{39F7C859-8D06-44D5-8E74-3DECDE1BFCA0}"
EndProject
Project("{FAE04EC0-301F-11D3-BF4B-00C04F79EFBC}") = "ex02", "ex02\ex02.csproj", "{19CA48F3-FD1D-4798-917D-698228949CE5}"
EndProject
Project("{FAE04EC0-301F-11D3-BF4B-00C04F79EFBC}") = "ex03", "ex03\ex03.csproj", "{36A57800-99E2-4530-A2D8-DF8EE006D3A9}"
EndProject
Global
	GlobalSection(SolutionConfigurationPlatforms) = preSolution
		Debug|Any CPU = Debug|Any CPU
		Release|Any CPU = Release|Any CPU
	EndGlobalSection
	GlobalSection(ProjectConfigurationPlatforms) = postSolution
		{39F7C859-8D06-44D5-8E74-3DECDE1BFCA0}.Debug|Any CPU.ActiveCfg = Debug|Any CPU
		{39F7C859-8D06-44D5-8E74-3DECDE1BFCA0}.Debug|Any CPU.Build.0 = Debug|Any CPU
		{39F7C859-8D06-44D5-8E74-3DECDE1BFCA0}.Release|Any CPU.ActiveCfg = Release|Any CPU
		{39F7C859-8D06-44D5-8E74-3DECDE1BFCA0}.Release|Any CPU.Build.0 = Release|Any CPU
		{19CA48F3-FD1D-4798-917D-698228949CE5}.Debug|Any CPU.ActiveCfg = Debug|Any CPU
		{19CA48F3-FD1D-4798-917D-698228949CE5}.Debug|Any CPU.Build.0 = Debug|Any CPU
		{19CA48F3-FD1D-4798-917D-698228949CE5}.Release|Any CPU.ActiveCfg = Release|Any CPU
		{19CA48F3-FD1D-4798-917D-698228949CE5}.Release|Any CPU.Build.0 = Release|Any CPU
		{36A57800-99E2-4530-A2D8-DF8EE006D3A9}.Debug|Any CPU.ActiveCfg = Debug|Any CPU
		{36A57800-99E2-4530-A2D8-DF8EE006D3A9}.Debug|Any CPU.Build.0 = Debug|Any CPU
		{36A57800-99E2-4530-A2D8-DF8EE006D3A9}.Release|Any CPU.ActiveCfg = Release|Any CPU
		{36A57800-99E2-4530-A2D8-DF8EE006D3A9}.Release|Any CPU.Build.0 = Release|Any CPU
	EndGlobalSection
	GlobalSection(SolutionProperties) = preSolution
		HideSolutionNode = FALSE
	EndGlobalSection
	GlobalSection(ExtensibilityGlobals) = postSolution
		SolutionGuid = {FBC9028B-F5EC-4665-8ADC-5DF7463D0936}
	EndGlobalSection
EndGlobal
